PODS:
  - AFNetworking (3.1.0):
    - AFNetworking/NSURLSession (= 3.1.0)
    - AFNetworking/Reachability (= 3.1.0)
    - AFNetworking/Security (= 3.1.0)
    - AFNetworking/Serialization (= 3.1.0)
    - AFNetworking/UIKit (= 3.1.0)
  - AFNetworking/NSURLSession (3.1.0):
    - AFNetworking/Reachability
    - AFNetworking/Security
    - AFNetworking/Serialization
  - AFNetworking/Reachability (3.1.0)
  - AFNetworking/Security (3.1.0)
  - AFNetworking/Serialization (3.1.0)
  - AFNetworking/UIKit (3.1.0):
    - AFNetworking/NSURLSession
  - Lock (1.29.2):
    - Lock/Core (= 1.29.2)
    - Lock/UI (= 1.29.2)
    - Lock/WebView (= 1.29.2)
  - Lock/Core (1.29.2):
    - AFNetworking (~> 3.0)
  - Lock/CoreUI (1.29.2):
    - Lock/Core
    - Masonry (~> 0.6)
  - Lock/Email (1.29.2):
    - Lock/UI
  - Lock/Safari (1.29.2):
    - Lock/CoreUI
  - Lock/SMS (1.29.2):
    - Lock/UI
  - Lock/TouchID (1.29.2):
    - Lock/UI
    - SimpleKeychain (~> 0.2)
    - TouchIDAuth (~> 0.1)
  - Lock/UI (1.29.2):
    - Lock/CoreUI
  - Lock/WebView (1.29.2):
    - Lock/CoreUI
  - Masonry (0.6.4)
  - SimpleKeychain (0.8.0)
  - TouchIDAuth (0.2.0):
    - SimpleKeychain (~> 0.3)

DEPENDENCIES:
  - Lock (~> 1.29)
  - Lock/Email
  - Lock/Safari
  - Lock/SMS
  - Lock/TouchID

SPEC CHECKSUMS:
  AFNetworking: 5e0e199f73d8626b11e79750991f5d173d1f8b67
  Lock: 3414fed031b4044509697dd9b9da9208bc68ad26
  Masonry: 281802d04d787ea2973179ee8bcb50500579ede2
  SimpleKeychain: 84c748463eec601dfee5e7990f55cc82edc5488d
  TouchIDAuth: 0cf861f58a2cacfc1c12cb02de4850729d943c81

PODFILE CHECKSUM: adca9ac55cc7fcd0434b223844fced4fdf3a5976

COCOAPODS: 1.2.0
